
Microsoft Visual Studio Solution File, Format Version 12.00
# Visual Studio Version 17
VisualStudioVersion = 17.9.34526.213
MinimumVisualStudioVersion = 10.0.40219.1
Project("{9A19103F-16F7-4668-BE54-9A1E7A4F7556}") = "DigitalizeApp", "DigitalizeApp\DigitalizeApp\DigitalizeApp.csproj", "{7303C261-3646-4328-A56C-A1369B7145B2}"
EndProject
Project("{9A19103F-16F7-4668-BE54-9A1E7A4F7556}") = "DigitalizeApp.Android", "DigitalizeApp\DigitalizeApp.Android\DigitalizeApp.Android.csproj", "{6E4E7736-54E8-4010-9B4B-BE1F8404C846}"
EndProject
Project("{9A19103F-16F7-4668-BE54-9A1E7A4F7556}") = "DigitalizeApp.Desktop", "DigitalizeApp\DigitalizeApp.Desktop\DigitalizeApp.Desktop.csproj", "{1F21C452-FDF9-4A81-B862-54F6F324B136}"
EndProject
Project("{9A19103F-16F7-4668-BE54-9A1E7A4F7556}") = "DigitalizeApp.iOS", "DigitalizeApp\DigitalizeApp.iOS\DigitalizeApp.iOS.csproj", "{AFECF45C-133F-4393-99BA-C73F4DFC223D}"
EndProject
Project("{9A19103F-16F7-4668-BE54-9A1E7A4F7556}") = "DigitalizeApp.Browser", "DigitalizeApp\DigitalizeApp.Browser\DigitalizeApp.Browser.csproj", "{DB033C5C-3148-48CE-BB93-73CBEA4130EB}"
EndProject
Project("{2150E333-8FDC-42A3-9474-1A3956D46DE8}") = "Solution Items", "Solution Items", "{2EB0A237-73DF-4FAA-BE4D-DD4DDF241FFD}"
	ProjectSection(SolutionItems) = preProject
		.editorconfig = .editorconfig
		LICENSE = LICENSE
		README.md = README.md
	EndProjectSection
EndProject
Global
	GlobalSection(SolutionConfigurationPlatforms) = preSolution
		Debug|Any CPU = Debug|Any CPU
		Release|Any CPU = Release|Any CPU
	EndGlobalSection
	GlobalSection(ProjectConfigurationPlatforms) = postSolution
		{7303C261-3646-4328-A56C-A1369B7145B2}.Debug|Any CPU.ActiveCfg = Debug|Any CPU
		{7303C261-3646-4328-A56C-A1369B7145B2}.Debug|Any CPU.Build.0 = Debug|Any CPU
		{7303C261-3646-4328-A56C-A1369B7145B2}.Release|Any CPU.ActiveCfg = Release|Any CPU
		{7303C261-3646-4328-A56C-A1369B7145B2}.Release|Any CPU.Build.0 = Release|Any CPU
		{6E4E7736-54E8-4010-9B4B-BE1F8404C846}.Debug|Any CPU.ActiveCfg = Debug|Any CPU
		{6E4E7736-54E8-4010-9B4B-BE1F8404C846}.Debug|Any CPU.Build.0 = Debug|Any CPU
		{6E4E7736-54E8-4010-9B4B-BE1F8404C846}.Debug|Any CPU.Deploy.0 = Debug|Any CPU
		{6E4E7736-54E8-4010-9B4B-BE1F8404C846}.Release|Any CPU.ActiveCfg = Release|Any CPU
		{6E4E7736-54E8-4010-9B4B-BE1F8404C846}.Release|Any CPU.Build.0 = Release|Any CPU
		{6E4E7736-54E8-4010-9B4B-BE1F8404C846}.Release|Any CPU.Deploy.0 = Release|Any CPU
		{1F21C452-FDF9-4A81-B862-54F6F324B136}.Debug|Any CPU.ActiveCfg = Debug|Any CPU
		{1F21C452-FDF9-4A81-B862-54F6F324B136}.Debug|Any CPU.Build.0 = Debug|Any CPU
		{1F21C452-FDF9-4A81-B862-54F6F324B136}.Release|Any CPU.ActiveCfg = Release|Any CPU
		{1F21C452-FDF9-4A81-B862-54F6F324B136}.Release|Any CPU.Build.0 = Release|Any CPU
		{AFECF45C-133F-4393-99BA-C73F4DFC223D}.Debug|Any CPU.ActiveCfg = Debug|Any CPU
		{AFECF45C-133F-4393-99BA-C73F4DFC223D}.Debug|Any CPU.Build.0 = Debug|Any CPU
		{AFECF45C-133F-4393-99BA-C73F4DFC223D}.Debug|Any CPU.Deploy.0 = Debug|Any CPU
		{AFECF45C-133F-4393-99BA-C73F4DFC223D}.Release|Any CPU.ActiveCfg = Release|Any CPU
		{AFECF45C-133F-4393-99BA-C73F4DFC223D}.Release|Any CPU.Build.0 = Release|Any CPU
		{AFECF45C-133F-4393-99BA-C73F4DFC223D}.Release|Any CPU.Deploy.0 = Release|Any CPU
		{DB033C5C-3148-48CE-BB93-73CBEA4130EB}.Debug|Any CPU.ActiveCfg = Debug|Any CPU
		{DB033C5C-3148-48CE-BB93-73CBEA4130EB}.Debug|Any CPU.Build.0 = Debug|Any CPU
		{DB033C5C-3148-48CE-BB93-73CBEA4130EB}.Release|Any CPU.ActiveCfg = Release|Any CPU
		{DB033C5C-3148-48CE-BB93-73CBEA4130EB}.Release|Any CPU.Build.0 = Release|Any CPU
	EndGlobalSection
	GlobalSection(SolutionProperties) = preSolution
		HideSolutionNode = FALSE
	EndGlobalSection
	GlobalSection(ExtensibilityGlobals) = postSolution
		SolutionGuid = {6EBDD511-D1F1-4365-AD86-2F10393DEED4}
	EndGlobalSection
EndGlobal
